
Microsoft Visual Studio Solution File, Format Version 12.00
# Visual Studio 15
VisualStudioVersion = 15.0.27130.2036
MinimumVisualStudioVersion = 10.0.40219.1
Project("{FAE04EC0-301F-11D3-BF4B-00C04F79EFBC}") = "ContactsCrudMvc.Web", "ContactsCrudMvc.Web\ContactsCrudMvc.Web.csproj", "{5C6C296D-F098-4025-B5E6-00FEC2472CE5}"
EndProject
Global
	GlobalSection(SolutionConfigurationPlatforms) = preSolution
		Debug|Any CPU = Debug|Any CPU
		Release|Any CPU = Release|Any CPU
	EndGlobalSection
	GlobalSection(ProjectConfigurationPlatforms) = postSolution
		{5C6C296D-F098-4025-B5E6-00FEC2472CE5}.Debug|Any CPU.ActiveCfg = Debug|Any CPU
		{5C6C296D-F098-4025-B5E6-00FEC2472CE5}.Debug|Any CPU.Build.0 = Debug|Any CPU
		{5C6C296D-F098-4025-B5E6-00FEC2472CE5}.Release|Any CPU.ActiveCfg = Release|Any CPU
		{5C6C296D-F098-4025-B5E6-00FEC2472CE5}.Release|Any CPU.Build.0 = Release|Any CPU
	EndGlobalSection
	GlobalSection(SolutionProperties) = preSolution
		HideSolutionNode = FALSE
	EndGlobalSection
	GlobalSection(ExtensibilityGlobals) = postSolution
		SolutionGuid = {6F051052-06AE-421A-9891-373828E291FF}
	EndGlobalSection
EndGlobal
